// !$*UTF8*$!
{
	archiveVersion = 1;
	classes = {
	};
	objectVersion = 46;
	objects = {

/* Begin PBXBuildFile section */
		362444AC1E6958730021D8B9 /* AppDelegate.swift in Sources */ = {isa = PBXBuildFile; fileRef = 362444AB1E6958730021D8B9 /* AppDelegate.swift */; };
		362444B11E6958730021D8B9 /* Main.storyboard in Resources */ = {isa = PBXBuildFile; fileRef = 362444AF1E6958730021D8B9 /* Main.storyboard */; };
		362444B31E6958730021D8B9 /* Assets.xcassets in Resources */ = {isa = PBXBuildFile; fileRef = 362444B21E6958730021D8B9 /* Assets.xcassets */; };
		362444B61E6958730021D8B9 /* LaunchScreen.storyboard in Resources */ = {isa = PBXBuildFile; fileRef = 362444B41E6958730021D8B9 /* LaunchScreen.storyboard */; };
		362444BE1E6959470021D8B9 /* OsagoModel.swift in Sources */ = {isa = PBXBuildFile; fileRef = 362444BD1E6959470021D8B9 /* OsagoModel.swift */; };
		362444C01E6977130021D8B9 /* OsagoView.swift in Sources */ = {isa = PBXBuildFile; fileRef = 362444BF1E6977130021D8B9 /* OsagoView.swift */; };
		362444C21E6977250021D8B9 /* OsagoViewController.swift in Sources */ = {isa = PBXBuildFile; fileRef = 362444C11E6977250021D8B9 /* OsagoViewController.swift */; };
/* End PBXBuildFile section */

/* Begin PBXFileReference section */
		362444A81E6958730021D8B9 /* DzOsago.app */ = {isa = PBXFileReference; explicitFileType = wrapper.application; includeInIndex = 0; path = DzOsago.app; sourceTree = BUILT_PRODUCTS_DIR; };
		362444AB1E6958730021D8B9 /* AppDelegate.swift */ = {isa = PBXFileReference; lastKnownFileType = sourcecode.swift; path = AppDelegate.swift; sourceTree = "<group>"; };
		362444B01E6958730021D8B9 /* Base */ = {isa = PBXFileReference; lastKnownFileType = file.storyboard; name = Base; path = Base.lproj/Main.storyboard; sourceTree = "<group>"; };
		362444B21E6958730021D8B9 /* Assets.xcassets */ = {isa = PBXFileReference; lastKnownFileType = folder.assetcatalog; path = Assets.xcassets; sourceTree = "<group>"; };
		362444B51E6958730021D8B9 /* Base */ = {isa = PBXFileReference; lastKnownFileType = file.storyboard; name = Base; path = Base.lproj/LaunchScreen.storyboard; sourceTree = "<group>"; };
		362444B71E6958730021D8B9 /* Info.plist */ = {isa = PBXFileReference; lastKnownFileType = text.plist.xml; path = Info.plist; sourceTree = "<group>"; };
		362444BD1E6959470021D8B9 /* OsagoModel.swift */ = {isa = PBXFileReference; fileEncoding = 4; lastKnownFileType = sourcecode.swift; path = OsagoModel.swift; sourceTree = "<group>"; };
		362444BF1E6977130021D8B9 /* OsagoView.swift */ = {isa = PBXFileReference; fileEncoding = 4; lastKnownFileType = sourcecode.swift; path = OsagoView.swift; sourceTree = "<group>"; };
		362444C11E6977250021D8B9 /* OsagoViewController.swift */ = {isa = PBXFileReference; fileEncoding = 4; lastKnownFileType = sourcecode.swift; path = OsagoViewController.swift; sourceTree = "<group>"; };
/* End PBXFileReference section */

/* Begin PBXFrameworksBuildPhase section */
		362444A51E6958730021D8B9 /* Frameworks */ = {
			isa = PBXFrameworksBuildPhase;
			buildActionMask = 2147483647;
			files = (
			);
			runOnlyForDeploymentPostprocessing = 0;
		};
/* End PBXFrameworksBuildPhase section */

/* Begin PBXGroup section */
		3624449F1E6958730021D8B9 = {
			isa = PBXGroup;
			children = (
				362444AA1E6958730021D8B9 /* DzOsago */,
				362444A91E6958730021D8B9 /* Products */,
			);
			sourceTree = "<group>";
		};
		362444A91E6958730021D8B9 /* Products */ = {
			isa = PBXGroup;
			children = (
				362444A81E6958730021D8B9 /* DzOsago.app */,
			);
			name = Products;
			sourceTree = "<group>";
		};
		362444AA1E6958730021D8B9 /* DzOsago */ = {
			isa = PBXGroup;
			children = (
				362444AB1E6958730021D8B9 /* AppDelegate.swift */,
				362444AF1E6958730021D8B9 /* Main.storyboard */,
				362444B21E6958730021D8B9 /* Assets.xcassets */,
				362444B41E6958730021D8B9 /* LaunchScreen.storyboard */,
				362444B71E6958730021D8B9 /* Info.plist */,
				362444BD1E6959470021D8B9 /* OsagoModel.swift */,
				362444BF1E6977130021D8B9 /* OsagoView.swift */,
				362444C11E6977250021D8B9 /* OsagoViewController.swift */,
			);
			path = DzOsago;
			sourceTree = "<group>";
		};
/* End PBXGroup section */

/* Begin PBXNativeTarget section */
		362444A71E6958730021D8B9 /* DzOsago */ = {
			isa = PBXNativeTarget;
			buildConfigurationList = 362444BA1E6958730021D8B9 /* Build configuration list for PBXNativeTarget "DzOsago" */;
			buildPhases = (
				362444A41E6958730021D8B9 /* Sources */,
				362444A51E6958730021D8B9 /* Frameworks */,
				362444A61E6958730021D8B9 /* Resources */,
			);
			buildRules = (
			);
			dependencies = (
			);
			name = DzOsago;
			productName = DzOsago;
			productReference = 362444A81E6958730021D8B9 /* DzOsago.app */;
			productType = "com.apple.product-type.application";
		};
/* End PBXNativeTarget section */

/* Begin PBXProject section */
		362444A01E6958730021D8B9 /* Project object */ = {
			isa = PBXProject;
			attributes = {
				LastSwiftUpdateCheck = 0810;
				LastUpgradeCheck = 0810;
				ORGANIZATIONNAME = Polina;
				TargetAttributes = {
					362444A71E6958730021D8B9 = {
						CreatedOnToolsVersion = 8.1;
						ProvisioningStyle = Automatic;
					};
				};
			};
			buildConfigurationList = 362444A31E6958730021D8B9 /* Build configuration list for PBXProject "DzOsago" */;
			compatibilityVersion = "Xcode 3.2";
			developmentRegion = English;
			hasScannedForEncodings = 0;
			knownRegions = (
				en,
				Base,
			);
			mainGroup = 3624449F1E6958730021D8B9;
			productRefGroup = 362444A91E6958730021D8B9 /* Products */;
			projectDirPath = "";
			projectRoot = "";
			targets = (
				362444A71E6958730021D8B9 /* DzOsago */,
			);
		};
/* End PBXProject section */

/* Begin PBXResourcesBuildPhase section */
		362444A61E6958730021D8B9 /* Resources */ = {
			isa = PBXResourcesBuildPhase;
			buildActionMask = 2147483647;
			files = (
				362444B61E6958730021D8B9 /* LaunchScreen.storyboard in Resources */,
				362444B31E6958730021D8B9 /* Assets.xcassets in Resources */,
				362444B11E6958730021D8B9 /* Main.storyboard in Resources */,
			);
			runOnlyForDeploymentPostprocessing = 0;
		};
/* End PBXResourcesBuildPhase section */

/* Begin PBXSourcesBuildPhase section */
		362444A41E6958730021D8B9 /* Sources */ = {
			isa = PBXSourcesBuildPhase;
			buildActionMask = 2147483647;
			files = (
				362444C21E6977250021D8B9 /* OsagoViewController.swift in Sources */,
				362444BE1E6959470021D8B9 /* OsagoModel.swift in Sources */,
				362444C01E6977130021D8B9 /* OsagoView.swift in Sources */,
				362444AC1E6958730021D8B9 /* AppDelegate.swift in Sources */,
			);
			runOnlyForDeploymentPostprocessing = 0;
		};
/* End PBXSourcesBuildPhase section */

/* Begin PBXVariantGroup section */
		362444AF1E6958730021D8B9 /* Main.storyboard */ = {
			isa = PBXVariantGroup;
			children = (
				362444B01E6958730021D8B9 /* Base */,
			);
			name = Main.storyboard;
			sourceTree = "<group>";
		};
		362444B41E6958730021D8B9 /* LaunchScreen.storyboard */ = {
			isa = PBXVariantGroup;
			children = (
				362444B51E6958730021D8B9 /* Base */,
			);
			name = LaunchScreen.storyboard;
			sourceTree = "<group>";
		};
/* End PBXVariantGroup section */

/* Begin XCBuildConfiguration section */
		362444B81E6958730021D8B9 /* Debug */ = {
			isa = XCBuildConfiguration;
			buildSettings = {
				ALWAYS_SEARCH_USER_PATHS = NO;
				CLANG_ANALYZER_NONNULL = YES;
				CLANG_CXX_LANGUAGE_STANDARD = "gnu++0x";
				CLANG_CXX_LIBRARY = "libc++";
				CLANG_ENABLE_MODULES = YES;
				CLANG_ENABLE_OBJC_ARC = YES;
				CLANG_WARN_BOOL_CONVERSION = YES;
				CLANG_WARN_CONSTANT_CONVERSION = YES;
				CLANG_WARN_DIRECT_OBJC_ISA_USAGE = YES_ERROR;
				CLANG_WARN_DOCUMENTATION_COMMENTS = YES;
				CLANG_WARN_EMPTY_BODY = YES;
				CLANG_WARN_ENUM_CONVERSION = YES;
				CLANG_WARN_INFINITE_RECURSION = YES;
				CLANG_WARN_INT_CONVERSION = YES;
				CLANG_WARN_OBJC_ROOT_CLASS = YES_ERROR;
				CLANG_WARN_SUSPICIOUS_MOVES = YES;
				CLANG_WARN_UNREACHABLE_CODE = YES;
				CLANG_WARN__DUPLICATE_METHOD_MATCH = YES;
				"CODE_SIGN_IDENTITY[sdk=iphoneos*]" = "iPhone Developer";
				COPY_PHASE_STRIP = NO;
				DEBUG_INFORMATION_FORMAT = dwarf;
				ENABLE_STRICT_OBJC_MSGSEND = YES;
				ENABLE_TESTABILITY = YES;
				GCC_C_LANGUAGE_STANDARD = gnu99;
				GCC_DYNAMIC_NO_PIC = NO;
				GCC_NO_COMMON_BLOCKS = YES;
				GCC_OPTIMIZATION_LEVEL = 0;
				GCC_PREPROCESSOR_DEFINITIONS = (
					"DEBUG=1",
					"$(inherited)",
				);
				GCC_WARN_64_TO_32_BIT_CONVERSION = YES;
				GCC_WARN_ABOUT_RETURN_TYPE = YES_ERROR;
				GCC_WARN_UNDECLARED_SELECTOR = YES;
				GCC_WARN_UNINITIALIZED_AUTOS = YES_AGGRESSIVE;
				GCC_WARN_UNUSED_FUNCTION = YES;
				GCC_WARN_UNUSED_VARIABLE = YES;
				IPHONEOS_DEPLOYMENT_TARGET = 10.1;
				MTL_ENABLE_DEBUG_INFO = YES;
				ONLY_ACTIVE_ARCH = YES;
				SDKROOT = iphoneos;
				SWIFT_ACTIVE_COMPILATION_CONDITIONS = DEBUG;
				SWIFT_OPTIMIZATION_LEVEL = "-Onone";
				TARGETED_DEVICE_FAMILY = "1,2";
			};
			name = Debug;
		};
		362444B91E6958730021D8B9 /* Release */ = {
			isa = XCBuildConfiguration;
			buildSettings = {
				ALWAYS_SEARCH_USER_PATHS = NO;
				CLANG_ANALYZER_NONNULL = YES;
				CLANG_CXX_LANGUAGE_STANDARD = "gnu++0x";
				CLANG_CXX_LIBRARY = "libc++";
				CLANG_ENABLE_MODULES = YES;
				CLANG_ENABLE_OBJC_ARC = YES;
				CLANG_WARN_BOOL_CONVERSION = YES;
				CLANG_WARN_CONSTANT_CONVERSION = YES;
				CLANG_WARN_DIRECT_OBJC_ISA_USAGE = YES_ERROR;
				CLANG_WARN_DOCUMENTATION_COMMENTS = YES;
				CLANG_WARN_EMPTY_BODY = YES;
				CLANG_WARN_ENUM_CONVERSION = YES;
				CLANG_WARN_INFINITE_RECURSION = YES;
				CLANG_WARN_INT_CONVERSION = YES;
				CLANG_WARN_OBJC_ROOT_CLASS = YES_ERROR;
				CLANG_WARN_SUSPICIOUS_MOVES = YES;
				CLANG_WARN_UNREACHABLE_CODE = YES;
				CLANG_WARN__DUPLICATE_METHOD_MATCH = YES;
				"CODE_SIGN_IDENTITY[sdk=iphoneos*]" = "iPhone Developer";
				COPY_PHASE_STRIP = NO;
				DEBUG_INFORMATION_FORMAT = "dwarf-with-dsym";
				ENABLE_NS_ASSERTIONS = NO;
				ENABLE_STRICT_OBJC_MSGSEND = YES;
				GCC_C_LANGUAGE_STANDARD = gnu99;
				GCC_NO_COMMON_BLOCKS = YES;
				GCC_WARN_64_TO_32_BIT_CONVERSION = YES;
				GCC_WARN_ABOUT_RETURN_TYPE = YES_ERROR;
				GCC_WARN_UNDECLARED_SELECTOR = YES;
				GCC_WARN_UNINITIALIZED_AUTOS = YES_AGGRESSIVE;
				GCC_WARN_UNUSED_FUNCTION = YES;
				GCC_WARN_UNUSED_VARIABLE = YES;
				IPHONEOS_DEPLOYMENT_TARGET = 10.1;
				MTL_ENABLE_DEBUG_INFO = NO;
				SDKROOT = iphoneos;
				SWIFT_OPTIMIZATION_LEVEL = "-Owholemodule";
				TARGETED_DEVICE_FAMILY = "1,2";
				VALIDATE_PRODUCT = YES;
			};
			name = Release;
		};
		362444BB1E6958730021D8B9 /* Debug */ = {
			isa = XCBuildConfiguration;
			buildSettings = {
				ASSETCATALOG_COMPILER_APPICON_NAME = AppIcon;
				INFOPLIST_FILE = DzOsago/Info.plist;
				LD_RUNPATH_SEARCH_PATHS = "$(inherited) @executable_path/Frameworks";
				PRODUCT_BUNDLE_IDENTIFIER = polin911.DzOsago;
				PRODUCT_NAME = "$(TARGET_NAME)";
				SWIFT_VERSION = 3.0;
			};
			name = Debug;
		};
		362444BC1E6958730021D8B9 /* Release */ = {
			isa = XCBuildConfiguration;
			buildSettings = {
				ASSETCATALOG_COMPILER_APPICON_NAME = AppIcon;
				INFOPLIST_FILE = DzOsago/Info.plist;
				LD_RUNPATH_SEARCH_PATHS = "$(inherited) @executable_path/Frameworks";
				PRODUCT_BUNDLE_IDENTIFIER = polin911.DzOsago;
				PRODUCT_NAME = "$(TARGET_NAME)";
				SWIFT_VERSION = 3.0;
			};
			name = Release;
		};
/* End XCBuildConfiguration section */

/* Begin XCConfigurationList section */
		362444A31E6958730021D8B9 /* Build configuration list for PBXProject "DzOsago" */ = {
			isa = XCConfigurationList;
			buildConfigurations = (
				362444B81E6958730021D8B9 /* Debug */,
				362444B91E6958730021D8B9 /* Release */,
			);
			defaultConfigurationIsVisible = 0;
			defaultConfigurationName = Release;
		};
		362444BA1E6958730021D8B9 /* Build configuration list for PBXNativeTarget "DzOsago" */ = {
			isa = XCConfigurationList;
			buildConfigurations = (
				362444BB1E6958730021D8B9 /* Debug */,
				362444BC1E6958730021D8B9 /* Release */,
			);
			defaultConfigurationIsVisible = 0;
		};
/* End XCConfigurationList section */
	};
	rootObject = 362444A01E6958730021D8B9 /* Project object */;
}
